
Microsoft Visual Studio Solution File, Format Version 12.00
# Visual Studio Version 17
VisualStudioVersion = 17.9.34622.214
MinimumVisualStudioVersion = 10.0.40219.1
Project("{9A19103F-16F7-4668-BE54-9A1E7A4F7556}") = "VirtualGardens.API", "VirtualGardens.API\VirtualGardens.API.csproj", "{7A53780A-8215-4163-924F-7DC50862D61E}"
EndProject
Project("{9A19103F-16F7-4668-BE54-9A1E7A4F7556}") = "VirtualGardens.Models", "VirtualGardens.Models\VirtualGardens.Models.csproj", "{3068F1A4-C5C2-4049-BD0D-5789AC9953BA}"
EndProject
Project("{9A19103F-16F7-4668-BE54-9A1E7A4F7556}") = "VirtualGardens.Services", "VirtualGardens.Services\VirtualGardens.Services.csproj", "{63E02DEF-7374-4230-A1EC-FBAE2A1DDE7D}"
EndProject
Project("{9A19103F-16F7-4668-BE54-9A1E7A4F7556}") = "VirtualGardens.Subscriber", "VirtualGardens.Subscriber\VirtualGardens.Subscriber.csproj", "{24C1B1AD-DEA3-411C-9CB0-97066A63B7CB}"
EndProject
Project("{2150E333-8FDC-42A3-9474-1A3956D46DE8}") = "Solution Items", "Solution Items", "{8ED559B7-5C74-489B-8EA9-5D458644058B}"
	ProjectSection(SolutionItems) = preProject
		.env = .env
		docker-compose.yml = docker-compose.yml
		Dockerfile.api = Dockerfile.api
		Dockerfile.subscriber = Dockerfile.subscriber
	EndProjectSection
EndProject
Global
	GlobalSection(SolutionConfigurationPlatforms) = preSolution
		Debug|Any CPU = Debug|Any CPU
		Release|Any CPU = Release|Any CPU
	EndGlobalSection
	GlobalSection(ProjectConfigurationPlatforms) = postSolution
		{7A53780A-8215-4163-924F-7DC50862D61E}.Debug|Any CPU.ActiveCfg = Debug|Any CPU
		{7A53780A-8215-4163-924F-7DC50862D61E}.Debug|Any CPU.Build.0 = Debug|Any CPU
		{7A53780A-8215-4163-924F-7DC50862D61E}.Release|Any CPU.ActiveCfg = Release|Any CPU
		{7A53780A-8215-4163-924F-7DC50862D61E}.Release|Any CPU.Build.0 = Release|Any CPU
		{3068F1A4-C5C2-4049-BD0D-5789AC9953BA}.Debug|Any CPU.ActiveCfg = Debug|Any CPU
		{3068F1A4-C5C2-4049-BD0D-5789AC9953BA}.Debug|Any CPU.Build.0 = Debug|Any CPU
		{3068F1A4-C5C2-4049-BD0D-5789AC9953BA}.Release|Any CPU.ActiveCfg = Release|Any CPU
		{3068F1A4-C5C2-4049-BD0D-5789AC9953BA}.Release|Any CPU.Build.0 = Release|Any CPU
		{63E02DEF-7374-4230-A1EC-FBAE2A1DDE7D}.Debug|Any CPU.ActiveCfg = Debug|Any CPU
		{63E02DEF-7374-4230-A1EC-FBAE2A1DDE7D}.Debug|Any CPU.Build.0 = Debug|Any CPU
		{63E02DEF-7374-4230-A1EC-FBAE2A1DDE7D}.Release|Any CPU.ActiveCfg = Release|Any CPU
		{63E02DEF-7374-4230-A1EC-FBAE2A1DDE7D}.Release|Any CPU.Build.0 = Release|Any CPU
		{24C1B1AD-DEA3-411C-9CB0-97066A63B7CB}.Debug|Any CPU.ActiveCfg = Debug|Any CPU
		{24C1B1AD-DEA3-411C-9CB0-97066A63B7CB}.Debug|Any CPU.Build.0 = Debug|Any CPU
		{24C1B1AD-DEA3-411C-9CB0-97066A63B7CB}.Release|Any CPU.ActiveCfg = Release|Any CPU
		{24C1B1AD-DEA3-411C-9CB0-97066A63B7CB}.Release|Any CPU.Build.0 = Release|Any CPU
	EndGlobalSection
	GlobalSection(SolutionProperties) = preSolution
		HideSolutionNode = FALSE
	EndGlobalSection
	GlobalSection(ExtensibilityGlobals) = postSolution
		SolutionGuid = {AC806F00-E42C-4945-B83B-0BBDE5D9C6A5}
	EndGlobalSection
EndGlobal
